
Microsoft Visual Studio Solution File, Format Version 12.00
# Visual Studio 14
VisualStudioVersion = 14.0.23107.0
MinimumVisualStudioVersion = 10.0.40219.1
Project("{D954291E-2A0B-460D-934E-DC6B0785DB48}") = "Options", "Options.shproj", "{7EB4B903-2750-47E3-96A0-1707094A06A6}"
EndProject
Global
	GlobalSection(SharedMSBuildProjectFiles) = preSolution
		Options.projitems*{7eb4b903-2750-47e3-96a0-1707094a06a6}*SharedItemsImports = 13
	EndGlobalSection
	GlobalSection(SolutionProperties) = preSolution
		HideSolutionNode = FALSE
	EndGlobalSection
EndGlobal
